Microsoft Visual Studio Solution File, Format Version 12.00
# Visual Studio 2012
Project("{F184B08F-C81C-45F6-A57F-5ABD9991F28F}") = "MiniMapLayers", "MiniMapLayers\MiniMapLayers.vbproj", "{DA03B1CC-A54B-42C2-88B5-79F16487E31E}"
EndProject
Global
	GlobalSection(SolutionConfigurationPlatforms) = preSolution
		Debug|Any CPU = Debug|Any CPU
		Release|Any CPU = Release|Any CPU
	EndGlobalSection
	GlobalSection(ProjectConfigurationPlatforms) = postSolution
		{DA03B1CC-A54B-42C2-88B5-79F16487E31E}.Debug|Any CPU.ActiveCfg = Debug|Any CPU
		{DA03B1CC-A54B-42C2-88B5-79F16487E31E}.Debug|Any CPU.Build.0 = Debug|Any CPU
		{DA03B1CC-A54B-42C2-88B5-79F16487E31E}.Release|Any CPU.ActiveCfg = Release|Any CPU
		{DA03B1CC-A54B-42C2-88B5-79F16487E31E}.Release|Any CPU.Build.0 = Release|Any CPU
	EndGlobalSection
	GlobalSection(SolutionProperties) = preSolution
		HideSolutionNode = FALSE
	EndGlobalSection
EndGlobal
